
Microsoft Visual Studio Solution File, Format Version 12.00
# Visual Studio 15
VisualStudioVersion = 15.0.28307.329
MinimumVisualStudioVersion = 10.0.40219.1
Project("{FAE04EC0-301F-11D3-BF4B-00C04F79EFBC}") = "GUISeries", "GUISeries\GUISeries.csproj", "{1165CBC6-0BAA-48DA-A6F0-1855BF775C23}"
EndProject
Global
	GlobalSection(SolutionConfigurationPlatforms) = preSolution
		Debug|Any CPU = Debug|Any CPU
		Release|Any CPU = Release|Any CPU
	EndGlobalSection
	GlobalSection(ProjectConfigurationPlatforms) = postSolution
		{1165CBC6-0BAA-48DA-A6F0-1855BF775C23}.Debug|Any CPU.ActiveCfg = Debug|Any CPU
		{1165CBC6-0BAA-48DA-A6F0-1855BF775C23}.Debug|Any CPU.Build.0 = Debug|Any CPU
		{1165CBC6-0BAA-48DA-A6F0-1855BF775C23}.Release|Any CPU.ActiveCfg = Release|Any CPU
		{1165CBC6-0BAA-48DA-A6F0-1855BF775C23}.Release|Any CPU.Build.0 = Release|Any CPU
	EndGlobalSection
	GlobalSection(SolutionProperties) = preSolution
		HideSolutionNode = FALSE
	EndGlobalSection
	GlobalSection(ExtensibilityGlobals) = postSolution
		SolutionGuid = {84289F86-FD5F-403E-A74C-B92A2D10E15F}
	EndGlobalSection
EndGlobal
